
Microsoft Visual Studio Solution File, Format Version 12.00
# Visual Studio Version 17
VisualStudioVersion = 17.5.33424.131
MinimumVisualStudioVersion = 10.0.40219.1
Project("{2150E333-8FDC-42A3-9474-1A3956D46DE8}") = "src", "src", "{61753948-98E7-44E1-AA91-A729DED50AF0}"
EndProject
Project("{2150E333-8FDC-42A3-9474-1A3956D46DE8}") = "tests", "tests", "{26FC706B-4006-49FF-B594-FC74C69D4315}"
EndProject
Project("{FAE04EC0-301F-11D3-BF4B-00C04F79EFBC}") = "Domain", "Domain\Domain.csproj", "{300CC241-20F8-472B-9E1C-27D148C54BE1}"
EndProject
Project("{FAE04EC0-301F-11D3-BF4B-00C04F79EFBC}") = "App", "App\App.csproj", "{A06F71D1-4ADD-4D8D-AA2F-C30F6DB9C4BB}"
EndProject
Project("{FAE04EC0-301F-11D3-BF4B-00C04F79EFBC}") = "Shared", "Shared\Shared.csproj", "{521FEB76-D5B6-4211-BF8A-B770EAD07E53}"
EndProject
Project("{FAE04EC0-301F-11D3-BF4B-00C04F79EFBC}") = "Infrastructure", "Infrastructure\Infrastructure.csproj", "{4F29854D-4234-4E01-9ECE-2CC895EAA199}"
EndProject
Project("{FAE04EC0-301F-11D3-BF4B-00C04F79EFBC}") = "Web.API", "Web.API\Web.API.csproj", "{E83AD8D6-7149-41F6-9D4E-D7E5981757FB}"
EndProject
Global
	GlobalSection(SolutionConfigurationPlatforms) = preSolution
		Debug|Any CPU = Debug|Any CPU
		Release|Any CPU = Release|Any CPU
	EndGlobalSection
	GlobalSection(ProjectConfigurationPlatforms) = postSolution
		{300CC241-20F8-472B-9E1C-27D148C54BE1}.Debug|Any CPU.ActiveCfg = Debug|Any CPU
		{300CC241-20F8-472B-9E1C-27D148C54BE1}.Debug|Any CPU.Build.0 = Debug|Any CPU
		{300CC241-20F8-472B-9E1C-27D148C54BE1}.Release|Any CPU.ActiveCfg = Release|Any CPU
		{300CC241-20F8-472B-9E1C-27D148C54BE1}.Release|Any CPU.Build.0 = Release|Any CPU
		{A06F71D1-4ADD-4D8D-AA2F-C30F6DB9C4BB}.Debug|Any CPU.ActiveCfg = Debug|Any CPU
		{A06F71D1-4ADD-4D8D-AA2F-C30F6DB9C4BB}.Debug|Any CPU.Build.0 = Debug|Any CPU
		{A06F71D1-4ADD-4D8D-AA2F-C30F6DB9C4BB}.Release|Any CPU.ActiveCfg = Release|Any CPU
		{A06F71D1-4ADD-4D8D-AA2F-C30F6DB9C4BB}.Release|Any CPU.Build.0 = Release|Any CPU
		{521FEB76-D5B6-4211-BF8A-B770EAD07E53}.Debug|Any CPU.ActiveCfg = Debug|Any CPU
		{521FEB76-D5B6-4211-BF8A-B770EAD07E53}.Debug|Any CPU.Build.0 = Debug|Any CPU
		{521FEB76-D5B6-4211-BF8A-B770EAD07E53}.Release|Any CPU.ActiveCfg = Release|Any CPU
		{521FEB76-D5B6-4211-BF8A-B770EAD07E53}.Release|Any CPU.Build.0 = Release|Any CPU
		{4F29854D-4234-4E01-9ECE-2CC895EAA199}.Debug|Any CPU.ActiveCfg = Debug|Any CPU
		{4F29854D-4234-4E01-9ECE-2CC895EAA199}.Debug|Any CPU.Build.0 = Debug|Any CPU
		{4F29854D-4234-4E01-9ECE-2CC895EAA199}.Release|Any CPU.ActiveCfg = Release|Any CPU
		{4F29854D-4234-4E01-9ECE-2CC895EAA199}.Release|Any CPU.Build.0 = Release|Any CPU
		{E83AD8D6-7149-41F6-9D4E-D7E5981757FB}.Debug|Any CPU.ActiveCfg = Debug|Any CPU
		{E83AD8D6-7149-41F6-9D4E-D7E5981757FB}.Debug|Any CPU.Build.0 = Debug|Any CPU
		{E83AD8D6-7149-41F6-9D4E-D7E5981757FB}.Release|Any CPU.ActiveCfg = Release|Any CPU
		{E83AD8D6-7149-41F6-9D4E-D7E5981757FB}.Release|Any CPU.Build.0 = Release|Any CPU
	EndGlobalSection
	GlobalSection(SolutionProperties) = preSolution
		HideSolutionNode = FALSE
	EndGlobalSection
	GlobalSection(NestedProjects) = preSolution
		{300CC241-20F8-472B-9E1C-27D148C54BE1} = {61753948-98E7-44E1-AA91-A729DED50AF0}
		{A06F71D1-4ADD-4D8D-AA2F-C30F6DB9C4BB} = {61753948-98E7-44E1-AA91-A729DED50AF0}
		{521FEB76-D5B6-4211-BF8A-B770EAD07E53} = {61753948-98E7-44E1-AA91-A729DED50AF0}
		{4F29854D-4234-4E01-9ECE-2CC895EAA199} = {61753948-98E7-44E1-AA91-A729DED50AF0}
		{E83AD8D6-7149-41F6-9D4E-D7E5981757FB} = {61753948-98E7-44E1-AA91-A729DED50AF0}
	EndGlobalSection
	GlobalSection(ExtensibilityGlobals) = postSolution
		SolutionGuid = {FA742BA9-2043-459D-BFF0-0157B6533AE1}
	EndGlobalSection
EndGlobal
